
Microsoft Visual Studio Solution File, Format Version 12.00
# Visual Studio Version 17
VisualStudioVersion = 17.14.36717.8 d17.14
MinimumVisualStudioVersion = 10.0.40219.1
Project("{FAE04EC0-301F-11D3-BF4B-00C04F79EFBC}") = "telepulesGUI", "telepulesGUI\telepulesGUI.csproj", "{3D8D6412-5108-4746-A7A8-9A9A0250031B}"
EndProject
Global
	GlobalSection(SolutionConfigurationPlatforms) = preSolution
		Debug|Any CPU = Debug|Any CPU
		Release|Any CPU = Release|Any CPU
	EndGlobalSection
	GlobalSection(ProjectConfigurationPlatforms) = postSolution
		{3D8D6412-5108-4746-A7A8-9A9A0250031B}.Debug|Any CPU.ActiveCfg = Debug|Any CPU
		{3D8D6412-5108-4746-A7A8-9A9A0250031B}.Debug|Any CPU.Build.0 = Debug|Any CPU
		{3D8D6412-5108-4746-A7A8-9A9A0250031B}.Release|Any CPU.ActiveCfg = Release|Any CPU
		{3D8D6412-5108-4746-A7A8-9A9A0250031B}.Release|Any CPU.Build.0 = Release|Any CPU
	EndGlobalSection
	GlobalSection(SolutionProperties) = preSolution
		HideSolutionNode = FALSE
	EndGlobalSection
	GlobalSection(ExtensibilityGlobals) = postSolution
		SolutionGuid = {79A5E991-FD40-459B-A3E9-C3850DDDD351}
	EndGlobalSection
EndGlobal
